
Microsoft Visual Studio Solution File, Format Version 12.00
# Visual Studio Version 16
VisualStudioVersion = 16.0.810.19
MinimumVisualStudioVersion = 10.0.40219.1
Project("{FAE04EC0-301F-11D3-BF4B-00C04F79EFBC}") = "AdvertApi", "AdvertApi\AdvertApi.csproj", "{493137B4-10F0-4978-B1C4-A6385031E160}"
EndProject
Project("{FAE04EC0-301F-11D3-BF4B-00C04F79EFBC}") = "AdvertApi.Models", "AdvertApi.Models\AdvertApi.Models.csproj", "{F610D57C-1E57-4CC6-A53A-50228CAFA898}"
EndProject
Global
	GlobalSection(SolutionConfigurationPlatforms) = preSolution
		Debug|Any CPU = Debug|Any CPU
		Release|Any CPU = Release|Any CPU
	EndGlobalSection
	GlobalSection(ProjectConfigurationPlatforms) = postSolution
		{493137B4-10F0-4978-B1C4-A6385031E160}.Debug|Any CPU.ActiveCfg = Debug|Any CPU
		{493137B4-10F0-4978-B1C4-A6385031E160}.Debug|Any CPU.Build.0 = Debug|Any CPU
		{493137B4-10F0-4978-B1C4-A6385031E160}.Release|Any CPU.ActiveCfg = Release|Any CPU
		{493137B4-10F0-4978-B1C4-A6385031E160}.Release|Any CPU.Build.0 = Release|Any CPU
		{F610D57C-1E57-4CC6-A53A-50228CAFA898}.Debug|Any CPU.ActiveCfg = Debug|Any CPU
		{F610D57C-1E57-4CC6-A53A-50228CAFA898}.Debug|Any CPU.Build.0 = Debug|Any CPU
		{F610D57C-1E57-4CC6-A53A-50228CAFA898}.Release|Any CPU.ActiveCfg = Release|Any CPU
		{F610D57C-1E57-4CC6-A53A-50228CAFA898}.Release|Any CPU.Build.0 = Release|Any CPU
	EndGlobalSection
	GlobalSection(SolutionProperties) = preSolution
		HideSolutionNode = FALSE
	EndGlobalSection
	GlobalSection(ExtensibilityGlobals) = postSolution
		SolutionGuid = {9FDAA0A1-E408-49B0-98CA-575D5EF402E6}
	EndGlobalSection
EndGlobal
